Microsoft Visual Studio Solution File, Format Version 12.00
# Visual Studio Version 16
VisualStudioVersion = 16.0.0.0
MinimumVisualStudioVersion = 16.0.0.0
Project("{9A19103F-16F7-4668-BE54-9A1E7A4F7556}") = "ICC2024_1", "ICC2024_1\ICC2024_1.csproj", "{EA703F73-810D-4C53-9FA2-6738C0A7DF0F}"
EndProject
Project("{9A19103F-16F7-4668-BE54-9A1E7A4F7556}") = "ICC2024_1.Client", "ICC2024_1.Client\ICC2024_1.Client.csproj", "{0FF7DCBB-5205-4919-976B-322770F0BE8A}"
EndProject
Global
	GlobalSection(SolutionConfigurationPlatforms) = preSolution
		Debug|Any CPU = Debug|Any CPU
		Debug|x64 = Debug|x64
		Debug|x86 = Debug|x86
		Release|Any CPU = Release|Any CPU
		Release|x64 = Release|x64
		Release|x86 = Release|x86
	EndGlobalSection
	GlobalSection(ProjectConfigurationPlatforms) = postSolution
		{0FF7DCBB-5205-4919-976B-322770F0BE8A}.Debug|Any CPU.ActiveCfg = Debug|Any CPU
		{0FF7DCBB-5205-4919-976B-322770F0BE8A}.Debug|Any CPU.Build.0 = Debug|Any CPU
		{0FF7DCBB-5205-4919-976B-322770F0BE8A}.Debug|x64.ActiveCfg = Debug|Any CPU
		{0FF7DCBB-5205-4919-976B-322770F0BE8A}.Debug|x64.Build.0 = Debug|Any CPU
		{0FF7DCBB-5205-4919-976B-322770F0BE8A}.Debug|x86.ActiveCfg = Debug|Any CPU
		{0FF7DCBB-5205-4919-976B-322770F0BE8A}.Debug|x86.Build.0 = Debug|Any CPU
		{0FF7DCBB-5205-4919-976B-322770F0BE8A}.Release|Any CPU.ActiveCfg = Release|Any CPU
		{0FF7DCBB-5205-4919-976B-322770F0BE8A}.Release|Any CPU.Build.0 = Release|Any CPU
		{0FF7DCBB-5205-4919-976B-322770F0BE8A}.Release|x64.ActiveCfg = Release|Any CPU
		{0FF7DCBB-5205-4919-976B-322770F0BE8A}.Release|x64.Build.0 = Release|Any CPU
		{0FF7DCBB-5205-4919-976B-322770F0BE8A}.Release|x86.ActiveCfg = Release|Any CPU
		{0FF7DCBB-5205-4919-976B-322770F0BE8A}.Release|x86.Build.0 = Release|Any CPU
		{EA703F73-810D-4C53-9FA2-6738C0A7DF0F}.Debug|Any CPU.ActiveCfg = Debug|Any CPU
		{EA703F73-810D-4C53-9FA2-6738C0A7DF0F}.Debug|Any CPU.Build.0 = Debug|Any CPU
		{EA703F73-810D-4C53-9FA2-6738C0A7DF0F}.Debug|x64.ActiveCfg = Debug|Any CPU
		{EA703F73-810D-4C53-9FA2-6738C0A7DF0F}.Debug|x64.Build.0 = Debug|Any CPU
		{EA703F73-810D-4C53-9FA2-6738C0A7DF0F}.Debug|x86.ActiveCfg = Debug|Any CPU
		{EA703F73-810D-4C53-9FA2-6738C0A7DF0F}.Debug|x86.Build.0 = Debug|Any CPU
		{EA703F73-810D-4C53-9FA2-6738C0A7DF0F}.Release|Any CPU.ActiveCfg = Release|Any CPU
		{EA703F73-810D-4C53-9FA2-6738C0A7DF0F}.Release|Any CPU.Build.0 = Release|Any CPU
		{EA703F73-810D-4C53-9FA2-6738C0A7DF0F}.Release|x64.ActiveCfg = Release|Any CPU
		{EA703F73-810D-4C53-9FA2-6738C0A7DF0F}.Release|x64.Build.0 = Release|Any CPU
		{EA703F73-810D-4C53-9FA2-6738C0A7DF0F}.Release|x86.ActiveCfg = Release|Any CPU
		{EA703F73-810D-4C53-9FA2-6738C0A7DF0F}.Release|x86.Build.0 = Release|Any CPU
	EndGlobalSection
	GlobalSection(SolutionProperties) = preSolution
		HideSolutionNode = FALSE
	EndGlobalSection
	GlobalSection(ExtensibilityGlobals) = postSolution
		SolutionGuid = {0FF0061C-D6D4-48A4-9D07-D0D7AFF982AB}
	EndGlobalSection
EndGlobal
